{
  "lockfileVersion": 1,
  "configVersion": 1,
  "workspaces": {
    "": {
      "name": "infra",
      "devDependencies": {
        "prettier": "^3.8.1",
        "prettier-plugin-yaml": "^1.1.2",
      },
    },
  },
  "packages": {
    "prettier": ["prettier@3.8.1", "", { "bin": { "prettier": "bin/prettier.cjs" } }, "sha512-UOnG6LftzbdaHZcKoPFtOcCKztrQ57WkHDeRD9t/PTQtmT0NHSeWWepj6pS0z/N7+08BHFDQVUrfmfMRcZwbMg=="],

    "prettier-plugin-yaml": ["prettier-plugin-yaml@1.1.2", "", { "dependencies": { "yaml": "^2.8.2" }, "peerDependencies": { "prettier": ">=3" } }, "sha512-r5HPX8AsSJxXBOgDJpi9SFln2/LpACikcXxVUYszkTWM30h3dyg3gMZgBYT4CNVFuMl1JwVYsqy18JqRrj0ZTg=="],

    "yaml": ["yaml@2.8.2", "", { "bin": { "yaml": "bin.mjs" } }, "sha512-mplynKqc1C2hTVYxd0PU2xQAc22TI1vShAYGksCCfxbn/dFwnHTNi1bvYsBTkhdUNtGIf5xNOg938rrSSYvS9A=="],
  }
}
